// !$*UTF8*$!
{
	archiveVersion = 1;
	classes = {
	};
	objectVersion = 50;
	objects = {

/* Begin PBXBuildFile section */
		840035862450CADC00FB3BA1 /* DataSourceProvider.swift in Sources */ = {isa = PBXBuildFile; fileRef = 840035852450CADB00FB3BA1 /* DataSourceProvider.swift */; };
		8403EFBB241D4A1A0061765C /* TTATranslator.swift in Sources */ = {isa = PBXBuildFile; fileRef = 8403EFBA241D4A1A0061765C /* TTATranslator.swift */; };
		8408178C25D30BB100C1B28C /* Localizable.strings in Resources */ = {isa = PBXBuildFile; fileRef = 8408178E25D30BB100C1B28C /* Localizable.strings */; };
		8408179725D3DC5900C1B28C /* TTALocalizationManager.swift in Sources */ = {isa = PBXBuildFile; fileRef = 8408179625D3DC5900C1B28C /* TTALocalizationManager.swift */; };
		8408179A25D592AA00C1B28C /* TTAAppLocale.swift in Sources */ = {isa = PBXBuildFile; fileRef = 8408179925D592AA00C1B28C /* TTAAppLocale.swift */; };
		841E1AAB24B49E640075CB49 /* URLExtension.swift in Sources */ = {isa = PBXBuildFile; fileRef = 841E1AAA24B49E640075CB49 /* URLExtension.swift */; };
		841E1AAF24B49EFE0075CB49 /* TTADecodedResponse.swift in Sources */ = {isa = PBXBuildFile; fileRef = 841E1AAE24B49EFE0075CB49 /* TTADecodedResponse.swift */; };
		842C1E9C2517A4E70036DF59 /* TTATranslatorResult+CoreDataClass.swift in Sources */ = {isa = PBXBuildFile; fileRef = 842C1E9A2517A4E70036DF59 /* TTATranslatorResult+CoreDataClass.swift */; };
		842C1E9D2517A4E70036DF59 /* TTATranslatorResult+CoreDataProperties.swift in Sources */ = {isa = PBXBuildFile; fileRef = 842C1E9B2517A4E70036DF59 /* TTATranslatorResult+CoreDataProperties.swift */; };
		842C1E9F2517E7D10036DF59 /* Assets.xcassets in Resources */ = {isa = PBXBuildFile; fileRef = 84DE9F9D24016C67007E4239 /* Assets.xcassets */; };
		84368F3C25B09FFE00A491EF /* TTASettingsListVC.swift in Sources */ = {isa = PBXBuildFile; fileRef = 84368F3B25B09FFE00A491EF /* TTASettingsListVC.swift */; };
		84370E80259B7EC600842C2A /* TTASettingsGridCell.swift in Sources */ = {isa = PBXBuildFile; fileRef = 84370E7F259B7EC600842C2A /* TTASettingsGridCell.swift */; };
		84457DD32534D0DD00F263F1 /* TTACoreDataStack.swift in Sources */ = {isa = PBXBuildFile; fileRef = 84457DD22534D0DD00F263F1 /* TTACoreDataStack.swift */; };
		8445BD5D25C073AB00EFB6F1 /* TTATranslatorLanguage.swift in Sources */ = {isa = PBXBuildFile; fileRef = 8445BD5C25C073AB00EFB6F1 /* TTATranslatorLanguage.swift */; };
		8448C8B525C330AB00EEC467 /* TTALocationManager.swift in Sources */ = {isa = PBXBuildFile; fileRef = 8448C8B425C330AB00EEC467 /* TTALocationManager.swift */; };
		8448DB492582A84B00A4A0B5 /* TTAAppearanceMode.swift in Sources */ = {isa = PBXBuildFile; fileRef = 8448DB482582A84B00A4A0B5 /* TTAAppearanceMode.swift */; };
		845A034B242F8877009B5339 /* TTATranslatorsListVC.swift in Sources */ = {isa = PBXBuildFile; fileRef = 845A034A242F8877009B5339 /* TTATranslatorsListVC.swift */; };
		845AE10E25D3014900D3A121 /* TTAResultsTableVCLocalizationKeys.swift in Sources */ = {isa = PBXBuildFile; fileRef = 845AE10D25D3014900D3A121 /* TTAResultsTableVCLocalizationKeys.swift */; };
		845AE11125D3016600D3A121 /* TTASettingsVCLocalizationKeys.swift in Sources */ = {isa = PBXBuildFile; fileRef = 845AE11025D3016600D3A121 /* TTASettingsVCLocalizationKeys.swift */; };
		845AE11425D3018800D3A121 /* TTAMapVCLocalizationKeys.swift in Sources */ = {isa = PBXBuildFile; fileRef = 845AE11325D3018800D3A121 /* TTAMapVCLocalizationKeys.swift */; };
		846A57372570260000363261 /* TTASettingsList_DEPRECATED.swift in Sources */ = {isa = PBXBuildFile; fileRef = 846A57362570260000363261 /* TTASettingsList_DEPRECATED.swift */; };
		846A573925702B6500363261 /* TTASettingsListCell.swift in Sources */ = {isa = PBXBuildFile; fileRef = 846A573825702B6500363261 /* TTASettingsListCell.swift */; };
		8488B7922561A57D00933856 /* TTAUserLocationVC.swift in Sources */ = {isa = PBXBuildFile; fileRef = 8488B7912561A57D00933856 /* TTAUserLocationVC.swift */; };
		84DA943F259A3A3B00565CA3 /* ReusableCVCell.swift in Sources */ = {isa = PBXBuildFile; fileRef = 84DA943E259A3A3B00565CA3 /* ReusableCVCell.swift */; };
		84DD1A6724CF748B00147BC1 /* TTATranslatorResultCell.swift in Sources */ = {isa = PBXBuildFile; fileRef = 84DD1A6624CF748B00147BC1 /* TTATranslatorResultCell.swift */; };
		84DE9F9224016C65007E4239 /* AppDelegate.swift in Sources */ = {isa = PBXBuildFile; fileRef = 84DE9F9124016C65007E4239 /* AppDelegate.swift */; };
		84DE9F9424016C65007E4239 /* SceneDelegate.swift in Sources */ = {isa = PBXBuildFile; fileRef = 84DE9F9324016C65007E4239 /* SceneDelegate.swift */; };
		84DE9F9C24016C65007E4239 /* Translator.xcdatamodeld in Sources */ = {isa = PBXBuildFile; fileRef = 84DE9F9A24016C65007E4239 /* Translator.xcdatamodeld */; };
		84DE9FAD2402BB79007E4239 /* TTAResultTableVC.swift in Sources */ = {isa = PBXBuildFile; fileRef = 84DE9FAC2402BB79007E4239 /* TTAResultTableVC.swift */; };
		84E1D87D25B48C61002B96A3 /* TTASettingsHeaderCollectionReusableView.swift in Sources */ = {isa = PBXBuildFile; fileRef = 84E1D87C25B48C61002B96A3 /* TTASettingsHeaderCollectionReusableView.swift */; };
		84E1D88125B48C79002B96A3 /* TTASettingsFooterCollectionReusableView.swift in Sources */ = {isa = PBXBuildFile; fileRef = 84E1D88025B48C79002B96A3 /* TTASettingsFooterCollectionReusableView.swift */; };
/* End PBXBuildFile section */

/* Begin PBXFileReference section */
		840035852450CADB00FB3BA1 /* DataSourceProvider.swift */ = {isa = PBXFileReference; lastKnownFileType = sourcecode.swift; path = DataSourceProvider.swift; sourceTree = "<group>"; };
		8403EFBA241D4A1A0061765C /* TTATranslator.swift */ = {isa = PBXFileReference; lastKnownFileType = sourcecode.swift; path = TTATranslator.swift; sourceTree = "<group>"; };
		8408178D25D30BB100C1B28C /* en */ = {isa = PBXFileReference; lastKnownFileType = text.plist.strings; name = en; path = en.lproj/Localizable.strings; sourceTree = "<group>"; };
		8408178F25D30BB400C1B28C /* ar */ = {isa = PBXFileReference; lastKnownFileType = text.plist.strings; name = ar; path = ar.lproj/Localizable.strings; sourceTree = "<group>"; };
		8408179625D3DC5900C1B28C /* TTALocalizationManager.swift */ = {isa = PBXFileReference; lastKnownFileType = sourcecode.swift; path = TTALocalizationManager.swift; sourceTree = "<group>"; };
		8408179925D592AA00C1B28C /* TTAAppLocale.swift */ = {isa = PBXFileReference; lastKnownFileType = sourcecode.swift; path = TTAAppLocale.swift; sourceTree = "<group>"; };
		841E1AAA24B49E640075CB49 /* URLExtension.swift */ = {isa = PBXFileReference; fileEncoding = 4; lastKnownFileType = sourcecode.swift; path = URLExtension.swift; sourceTree = "<group>"; };
		841E1AAE24B49EFE0075CB49 /* TTADecodedResponse.swift */ = {isa = PBXFileReference; lastKnownFileType = sourcecode.swift; path = TTADecodedResponse.swift; sourceTree = "<group>"; };
		842C1E9A2517A4E70036DF59 /* TTATranslatorResult+CoreDataClass.swift */ = {isa = PBXFileReference; lastKnownFileType = sourcecode.swift; path = "TTATranslatorResult+CoreDataClass.swift"; sourceTree = "<group>"; };
		842C1E9B2517A4E70036DF59 /* TTATranslatorResult+CoreDataProperties.swift */ = {isa = PBXFileReference; lastKnownFileType = sourcecode.swift; path = "TTATranslatorResult+CoreDataProperties.swift"; sourceTree = "<group>"; };
		84368F3B25B09FFE00A491EF /* TTASettingsListVC.swift */ = {isa = PBXFileReference; lastKnownFileType = sourcecode.swift; path = TTASettingsListVC.swift; sourceTree = "<group>"; };
		84370E7F259B7EC600842C2A /* TTASettingsGridCell.swift */ = {isa = PBXFileReference; lastKnownFileType = sourcecode.swift; path = TTASettingsGridCell.swift; sourceTree = "<group>"; };
		84457DD22534D0DD00F263F1 /* TTACoreDataStack.swift */ = {isa = PBXFileReference; lastKnownFileType = sourcecode.swift; name = TTACoreDataStack.swift; path = Model/TTACoreDataStack.swift; sourceTree = SOURCE_ROOT; };
		8445BD5C25C073AB00EFB6F1 /* TTATranslatorLanguage.swift */ = {isa = PBXFileReference; lastKnownFileType = sourcecode.swift; path = TTATranslatorLanguage.swift; sourceTree = "<group>"; };
		8448C8B425C330AB00EEC467 /* TTALocationManager.swift */ = {isa = PBXFileReference; lastKnownFileType = sourcecode.swift; path = TTALocationManager.swift; sourceTree = "<group>"; };
		8448DB482582A84B00A4A0B5 /* TTAAppearanceMode.swift */ = {isa = PBXFileReference; lastKnownFileType = sourcecode.swift; path = TTAAppearanceMode.swift; sourceTree = "<group>"; };
		845A034A242F8877009B5339 /* TTATranslatorsListVC.swift */ = {isa = PBXFileReference; lastKnownFileType = sourcecode.swift; path = TTATranslatorsListVC.swift; sourceTree = "<group>"; };
		845AE10D25D3014900D3A121 /* TTAResultsTableVCLocalizationKeys.swift */ = {isa = PBXFileReference; lastKnownFileType = sourcecode.swift; path = TTAResultsTableVCLocalizationKeys.swift; sourceTree = "<group>"; };
		845AE11025D3016600D3A121 /* TTASettingsVCLocalizationKeys.swift */ = {isa = PBXFileReference; lastKnownFileType = sourcecode.swift; path = TTASettingsVCLocalizationKeys.swift; sourceTree = "<group>"; };
		845AE11325D3018800D3A121 /* TTAMapVCLocalizationKeys.swift */ = {isa = PBXFileReference; lastKnownFileType = sourcecode.swift; path = TTAMapVCLocalizationKeys.swift; sourceTree = "<group>"; };
		846A57362570260000363261 /* TTASettingsList_DEPRECATED.swift */ = {isa = PBXFileReference; lastKnownFileType = sourcecode.swift; path = TTASettingsList_DEPRECATED.swift; sourceTree = "<group>"; };
		846A573825702B6500363261 /* TTASettingsListCell.swift */ = {isa = PBXFileReference; lastKnownFileType = sourcecode.swift; path = TTASettingsListCell.swift; sourceTree = "<group>"; };
		846BCDC725D30B10000AAB8B /* ar */ = {isa = PBXFileReference; lastKnownFileType = text.plist.strings; name = ar; path = ar.lproj/LaunchScreen.strings; sourceTree = "<group>"; };
		8488B7912561A57D00933856 /* TTAUserLocationVC.swift */ = {isa = PBXFileReference; lastKnownFileType = sourcecode.swift; path = TTAUserLocationVC.swift; sourceTree = "<group>"; };
		84DA943E259A3A3B00565CA3 /* ReusableCVCell.swift */ = {isa = PBXFileReference; lastKnownFileType = sourcecode.swift; path = ReusableCVCell.swift; sourceTree = "<group>"; };
		84DD1A6624CF748B00147BC1 /* TTATranslatorResultCell.swift */ = {isa = PBXFileReference; lastKnownFileType = sourcecode.swift; path = TTATranslatorResultCell.swift; sourceTree = "<group>"; };
		84DE9F8E24016C65007E4239 /* Translator.app */ = {isa = PBXFileReference; explicitFileType = wrapper.application; includeInIndex = 0; path = Translator.app; sourceTree = BUILT_PRODUCTS_DIR; };
		84DE9F9124016C65007E4239 /* AppDelegate.swift */ = {isa = PBXFileReference; lastKnownFileType = sourcecode.swift; path = AppDelegate.swift; sourceTree = "<group>"; };
		84DE9F9324016C65007E4239 /* SceneDelegate.swift */ = {isa = PBXFileReference; lastKnownFileType = sourcecode.swift; path = SceneDelegate.swift; sourceTree = "<group>"; };
		84DE9F9B24016C65007E4239 /* Translator.xcdatamodel */ = {isa = PBXFileReference; lastKnownFileType = wrapper.xcdatamodel; path = Translator.xcdatamodel; sourceTree = "<group>"; };
		84DE9F9D24016C67007E4239 /* Assets.xcassets */ = {isa = PBXFileReference; lastKnownFileType = folder.assetcatalog; path = Assets.xcassets; sourceTree = "<group>"; };
		84DE9FA024016C67007E4239 /* Base */ = {isa = PBXFileReference; lastKnownFileType = file.storyboard; name = Base; path = Base.lproj/LaunchScreen.storyboard; sourceTree = "<group>"; };
		84DE9FA224016C67007E4239 /* Info.plist */ = {isa = PBXFileReference; lastKnownFileType = text.plist.xml; path = Info.plist; sourceTree = "<group>"; };
		84DE9FAC2402BB79007E4239 /* TTAResultTableVC.swift */ = {isa = PBXFileReference; lastKnownFileType = sourcecode.swift; path = TTAResultTableVC.swift; sourceTree = "<group>"; };
		84E1D87C25B48C61002B96A3 /* TTASettingsHeaderCollectionReusableView.swift */ = {isa = PBXFileReference; lastKnownFileType = sourcecode.swift; path = TTASettingsHeaderCollectionReusableView.swift; sourceTree = "<group>"; };
		84E1D88025B48C79002B96A3 /* TTASettingsFooterCollectionReusableView.swift */ = {isa = PBXFileReference; lastKnownFileType = sourcecode.swift; path = TTASettingsFooterCollectionReusableView.swift; sourceTree = "<group>"; };
/* End PBXFileReference section */

/* Begin PBXFrameworksBuildPhase section */
		84DE9F8B24016C65007E4239 /* Frameworks */ = {
			isa = PBXFrameworksBuildPhase;
			buildActionMask = 2147483647;
			files = (
			);
			runOnlyForDeploymentPostprocessing = 0;
		};
/* End PBXFrameworksBuildPhase section */

/* Begin PBXGroup section */
		84003587245200B300FB3BA1 /* VC */ = {
			isa = PBXGroup;
			children = (
				846A573A25796EFE00363261 /* ResultTable */,
				846A573B25796F1100363261 /* Settings */,
				846A573C25796F5B00363261 /* Map */,
			);
			name = VC;
			sourceTree = "<group>";
		};
		842C1E9E2517A4F50036DF59 /* Model */ = {
			isa = PBXGroup;
			children = (
				84457DD22534D0DD00F263F1 /* TTACoreDataStack.swift */,
				842C1E9A2517A4E70036DF59 /* TTATranslatorResult+CoreDataClass.swift */,
				842C1E9B2517A4E70036DF59 /* TTATranslatorResult+CoreDataProperties.swift */,
			);
			name = Model;
			path = ../Model;
			sourceTree = "<group>";
		};
		845AE11625D301A100D3A121 /* Localization */ = {
			isa = PBXGroup;
			children = (
				8408179625D3DC5900C1B28C /* TTALocalizationManager.swift */,
				8408179925D592AA00C1B28C /* TTAAppLocale.swift */,
				845AE10D25D3014900D3A121 /* TTAResultsTableVCLocalizationKeys.swift */,
				845AE11325D3018800D3A121 /* TTAMapVCLocalizationKeys.swift */,
				845AE11025D3016600D3A121 /* TTASettingsVCLocalizationKeys.swift */,
			);
			path = Localization;
			sourceTree = "<group>";
		};
		846A573A25796EFE00363261 /* ResultTable */ = {
			isa = PBXGroup;
			children = (
				84DE9FAC2402BB79007E4239 /* TTAResultTableVC.swift */,
				84DD1A6624CF748B00147BC1 /* TTATranslatorResultCell.swift */,
				8403EFBA241D4A1A0061765C /* TTATranslator.swift */,
			);
			name = ResultTable;
			sourceTree = "<group>";
		};
		846A573B25796F1100363261 /* Settings */ = {
			isa = PBXGroup;
			children = (
				84368F3B25B09FFE00A491EF /* TTASettingsListVC.swift */,
				8448DB482582A84B00A4A0B5 /* TTAAppearanceMode.swift */,
				8445BD5C25C073AB00EFB6F1 /* TTATranslatorLanguage.swift */,
				84D0E59B25D5B25200810FE1 /* SettingsCell */,
				84E1D87C25B48C61002B96A3 /* TTASettingsHeaderCollectionReusableView.swift */,
				84E1D88025B48C79002B96A3 /* TTASettingsFooterCollectionReusableView.swift */,
			);
			name = Settings;
			sourceTree = "<group>";
		};
		846A573C25796F5B00363261 /* Map */ = {
			isa = PBXGroup;
			children = (
				8488B7912561A57D00933856 /* TTAUserLocationVC.swift */,
				8448C8B425C330AB00EEC467 /* TTALocationManager.swift */,
			);
			name = Map;
			sourceTree = "<group>";
		};
		84D0E59B25D5B25200810FE1 /* SettingsCell */ = {
			isa = PBXGroup;
			children = (
				846A573825702B6500363261 /* TTASettingsListCell.swift */,
				84370E7F259B7EC600842C2A /* TTASettingsGridCell.swift */,
			);
			name = SettingsCell;
			sourceTree = "<group>";
		};
		84DE9F8524016C65007E4239 = {
			isa = PBXGroup;
			children = (
				84DE9F9024016C65007E4239 /* Translator */,
				84DE9F8F24016C65007E4239 /* Products */,
			);
			sourceTree = "<group>";
		};
		84DE9F8F24016C65007E4239 /* Products */ = {
			isa = PBXGroup;
			children = (
				84DE9F8E24016C65007E4239 /* Translator.app */,
			);
			name = Products;
			sourceTree = "<group>";
		};
		84DE9F9024016C65007E4239 /* Translator */ = {
			isa = PBXGroup;
			children = (
				84DE9F9124016C65007E4239 /* AppDelegate.swift */,
				84DE9F9324016C65007E4239 /* SceneDelegate.swift */,
				842C1E9E2517A4F50036DF59 /* Model */,
				84003587245200B300FB3BA1 /* VC */,
				845AE11625D301A100D3A121 /* Localization */,
				8408178E25D30BB100C1B28C /* Localizable.strings */,
				841E1AAA24B49E640075CB49 /* URLExtension.swift */,
				841E1AAE24B49EFE0075CB49 /* TTADecodedResponse.swift */,
				84DE9F9D24016C67007E4239 /* Assets.xcassets */,
				84DE9F9F24016C67007E4239 /* LaunchScreen.storyboard */,
				84DE9FA224016C67007E4239 /* Info.plist */,
				84DE9F9A24016C65007E4239 /* Translator.xcdatamodeld */,
				845A034A242F8877009B5339 /* TTATranslatorsListVC.swift */,
				84DA943E259A3A3B00565CA3 /* ReusableCVCell.swift */,
				846A57362570260000363261 /* TTASettingsList_DEPRECATED.swift */,
				840035852450CADB00FB3BA1 /* DataSourceProvider.swift */,
			);
			path = Translator;
			sourceTree = "<group>";
		};
/* End PBXGroup section */

/* Begin PBXNativeTarget section */
		84DE9F8D24016C65007E4239 /* Translator */ = {
			isa = PBXNativeTarget;
			buildConfigurationList = 84DE9FA524016C67007E4239 /* Build configuration list for PBXNativeTarget "Translator" */;
			buildPhases = (
				84DE9F8A24016C65007E4239 /* Sources */,
				84DE9F8B24016C65007E4239 /* Frameworks */,
				84DE9F8C24016C65007E4239 /* Resources */,
			);
			buildRules = (
			);
			dependencies = (
			);
			name = Translator;
			productName = Translator;
			productReference = 84DE9F8E24016C65007E4239 /* Translator.app */;
			productType = "com.apple.product-type.application";
		};
/* End PBXNativeTarget section */

/* Begin PBXProject section */
		84DE9F8624016C65007E4239 /* Project object */ = {
			isa = PBXProject;
			attributes = {
				LastSwiftUpdateCheck = 1120;
				LastUpgradeCheck = 1120;
				ORGANIZATIONNAME = admin;
				TargetAttributes = {
					84DE9F8D24016C65007E4239 = {
						CreatedOnToolsVersion = 11.2.1;
					};
				};
			};
			buildConfigurationList = 84DE9F8924016C65007E4239 /* Build configuration list for PBXProject "Translator" */;
			compatibilityVersion = "Xcode 9.3";
			developmentRegion = en;
			hasScannedForEncodings = 0;
			knownRegions = (
				en,
				Base,
				ar,
			);
			mainGroup = 84DE9F8524016C65007E4239;
			productRefGroup = 84DE9F8F24016C65007E4239 /* Products */;
			projectDirPath = "";
			projectRoot = "";
			targets = (
				84DE9F8D24016C65007E4239 /* Translator */,
			);
		};
/* End PBXProject section */

/* Begin PBXResourcesBuildPhase section */
		84DE9F8C24016C65007E4239 /* Resources */ = {
			isa = PBXResourcesBuildPhase;
			buildActionMask = 2147483647;
			files = (
				842C1E9F2517E7D10036DF59 /* Assets.xcassets in Resources */,
				8408178C25D30BB100C1B28C /* Localizable.strings in Resources */,
			);
			runOnlyForDeploymentPostprocessing = 0;
		};
/* End PBXResourcesBuildPhase section */

/* Begin PBXSourcesBuildPhase section */
		84DE9F8A24016C65007E4239 /* Sources */ = {
			isa = PBXSourcesBuildPhase;
			buildActionMask = 2147483647;
			files = (
				8448C8B525C330AB00EEC467 /* TTALocationManager.swift in Sources */,
				845A034B242F8877009B5339 /* TTATranslatorsListVC.swift in Sources */,
				84457DD32534D0DD00F263F1 /* TTACoreDataStack.swift in Sources */,
				845AE10E25D3014900D3A121 /* TTAResultsTableVCLocalizationKeys.swift in Sources */,
				846A57372570260000363261 /* TTASettingsList_DEPRECATED.swift in Sources */,
				841E1AAF24B49EFE0075CB49 /* TTADecodedResponse.swift in Sources */,
				84DE9F9C24016C65007E4239 /* Translator.xcdatamodeld in Sources */,
				8488B7922561A57D00933856 /* TTAUserLocationVC.swift in Sources */,
				8448DB492582A84B00A4A0B5 /* TTAAppearanceMode.swift in Sources */,
				8408179725D3DC5900C1B28C /* TTALocalizationManager.swift in Sources */,
				84DE9F9224016C65007E4239 /* AppDelegate.swift in Sources */,
				84DE9F9424016C65007E4239 /* SceneDelegate.swift in Sources */,
				845AE11125D3016600D3A121 /* TTASettingsVCLocalizationKeys.swift in Sources */,
				84E1D88125B48C79002B96A3 /* TTASettingsFooterCollectionReusableView.swift in Sources */,
				842C1E9D2517A4E70036DF59 /* TTATranslatorResult+CoreDataProperties.swift in Sources */,
				8403EFBB241D4A1A0061765C /* TTATranslator.swift in Sources */,
				84DA943F259A3A3B00565CA3 /* ReusableCVCell.swift in Sources */,
				846A573925702B6500363261 /* TTASettingsListCell.swift in Sources */,
				84368F3C25B09FFE00A491EF /* TTASettingsListVC.swift in Sources */,
				841E1AAB24B49E640075CB49 /* URLExtension.swift in Sources */,
				84DE9FAD2402BB79007E4239 /* TTAResultTableVC.swift in Sources */,
				84E1D87D25B48C61002B96A3 /* TTASettingsHeaderCollectionReusableView.swift in Sources */,
				845AE11425D3018800D3A121 /* TTAMapVCLocalizationKeys.swift in Sources */,
				8445BD5D25C073AB00EFB6F1 /* TTATranslatorLanguage.swift in Sources */,
				842C1E9C2517A4E70036DF59 /* TTATranslatorResult+CoreDataClass.swift in Sources */,
				840035862450CADC00FB3BA1 /* DataSourceProvider.swift in Sources */,
				8408179A25D592AA00C1B28C /* TTAAppLocale.swift in Sources */,
				84370E80259B7EC600842C2A /* TTASettingsGridCell.swift in Sources */,
				84DD1A6724CF748B00147BC1 /* TTATranslatorResultCell.swift in Sources */,
			);
			runOnlyForDeploymentPostprocessing = 0;
		};
/* End PBXSourcesBuildPhase section */

/* Begin PBXVariantGroup section */
		8408178E25D30BB100C1B28C /* Localizable.strings */ = {
			isa = PBXVariantGroup;
			children = (
				8408178D25D30BB100C1B28C /* en */,
				8408178F25D30BB400C1B28C /* ar */,
			);
			name = Localizable.strings;
			sourceTree = "<group>";
		};
		84DE9F9F24016C67007E4239 /* LaunchScreen.storyboard */ = {
			isa = PBXVariantGroup;
			children = (
				84DE9FA024016C67007E4239 /* Base */,
				846BCDC725D30B10000AAB8B /* ar */,
			);
			name = LaunchScreen.storyboard;
			sourceTree = "<group>";
		};
/* End PBXVariantGroup section */

/* Begin XCBuildConfiguration section */
		84DE9FA324016C67007E4239 /* Debug */ = {
			isa = XCBuildConfiguration;
			buildSettings = {
				ALWAYS_SEARCH_USER_PATHS = NO;
				CLANG_ANALYZER_LOCALIZABILITY_NONLOCALIZED = YES;
				CLANG_ANALYZER_NONNULL = YES;
				CLANG_ANALYZER_NUMBER_OBJECT_CONVERSION = YES_AGGRESSIVE;
				CLANG_CXX_LANGUAGE_STANDARD = "gnu++14";
				CLANG_CXX_LIBRARY = "libc++";
				CLANG_ENABLE_MODULES = YES;
				CLANG_ENABLE_OBJC_ARC = YES;
				CLANG_ENABLE_OBJC_WEAK = YES;
				CLANG_WARN_BLOCK_CAPTURE_AUTORELEASING = YES;
				CLANG_WARN_BOOL_CONVERSION = YES;
				CLANG_WARN_COMMA = YES;
				CLANG_WARN_CONSTANT_CONVERSION = YES;
				CLANG_WARN_DEPRECATED_OBJC_IMPLEMENTATIONS = YES;
				CLANG_WARN_DIRECT_OBJC_ISA_USAGE = YES_ERROR;
				CLANG_WARN_DOCUMENTATION_COMMENTS = YES;
				CLANG_WARN_EMPTY_BODY = YES;
				CLANG_WARN_ENUM_CONVERSION = YES;
				CLANG_WARN_INFINITE_RECURSION = YES;
				CLANG_WARN_INT_CONVERSION = YES;
				CLANG_WARN_NON_LITERAL_NULL_CONVERSION = YES;
				CLANG_WARN_OBJC_IMPLICIT_RETAIN_SELF = YES;
				CLANG_WARN_OBJC_LITERAL_CONVERSION = YES;
				CLANG_WARN_OBJC_ROOT_CLASS = YES_ERROR;
				CLANG_WARN_RANGE_LOOP_ANALYSIS = YES;
				CLANG_WARN_STRICT_PROTOTYPES = YES;
				CLANG_WARN_SUSPICIOUS_MOVE = YES;
				CLANG_WARN_UNGUARDED_AVAILABILITY = YES_AGGRESSIVE;
				CLANG_WARN_UNREACHABLE_CODE = YES;
				CLANG_WARN__DUPLICATE_METHOD_MATCH = YES;
				COPY_PHASE_STRIP = NO;
				DEBUG_INFORMATION_FORMAT = dwarf;
				ENABLE_STRICT_OBJC_MSGSEND = YES;
				ENABLE_TESTABILITY = YES;
				GCC_C_LANGUAGE_STANDARD = gnu11;
				GCC_DYNAMIC_NO_PIC = NO;
				GCC_NO_COMMON_BLOCKS = YES;
				GCC_OPTIMIZATION_LEVEL = 0;
				GCC_PREPROCESSOR_DEFINITIONS = (
					"DEBUG=1",
					"$(inherited)",
				);
				GCC_WARN_64_TO_32_BIT_CONVERSION = YES;
				GCC_WARN_ABOUT_RETURN_TYPE = YES_ERROR;
				GCC_WARN_UNDECLARED_SELECTOR = YES;
				GCC_WARN_UNINITIALIZED_AUTOS = YES_AGGRESSIVE;
				GCC_WARN_UNUSED_FUNCTION = YES;
				GCC_WARN_UNUSED_VARIABLE = YES;
				IPHONEOS_DEPLOYMENT_TARGET = 13.2;
				MTL_ENABLE_DEBUG_INFO = INCLUDE_SOURCE;
				MTL_FAST_MATH = YES;
				ONLY_ACTIVE_ARCH = YES;
				SDKROOT = iphoneos;
				SWIFT_ACTIVE_COMPILATION_CONDITIONS = DEBUG;
				SWIFT_OPTIMIZATION_LEVEL = "-Onone";
			};
			name = Debug;
		};
		84DE9FA424016C67007E4239 /* Release */ = {
			isa = XCBuildConfiguration;
			buildSettings = {
				ALWAYS_SEARCH_USER_PATHS = NO;
				CLANG_ANALYZER_LOCALIZABILITY_NONLOCALIZED = YES;
				CLANG_ANALYZER_NONNULL = YES;
				CLANG_ANALYZER_NUMBER_OBJECT_CONVERSION = YES_AGGRESSIVE;
				CLANG_CXX_LANGUAGE_STANDARD = "gnu++14";
				CLANG_CXX_LIBRARY = "libc++";
				CLANG_ENABLE_MODULES = YES;
				CLANG_ENABLE_OBJC_ARC = YES;
				CLANG_ENABLE_OBJC_WEAK = YES;
				CLANG_WARN_BLOCK_CAPTURE_AUTORELEASING = YES;
				CLANG_WARN_BOOL_CONVERSION = YES;
				CLANG_WARN_COMMA = YES;
				CLANG_WARN_CONSTANT_CONVERSION = YES;
				CLANG_WARN_DEPRECATED_OBJC_IMPLEMENTATIONS = YES;
				CLANG_WARN_DIRECT_OBJC_ISA_USAGE = YES_ERROR;
				CLANG_WARN_DOCUMENTATION_COMMENTS = YES;
				CLANG_WARN_EMPTY_BODY = YES;
				CLANG_WARN_ENUM_CONVERSION = YES;
				CLANG_WARN_INFINITE_RECURSION = YES;
				CLANG_WARN_INT_CONVERSION = YES;
				CLANG_WARN_NON_LITERAL_NULL_CONVERSION = YES;
				CLANG_WARN_OBJC_IMPLICIT_RETAIN_SELF = YES;
				CLANG_WARN_OBJC_LITERAL_CONVERSION = YES;
				CLANG_WARN_OBJC_ROOT_CLASS = YES_ERROR;
				CLANG_WARN_RANGE_LOOP_ANALYSIS = YES;
				CLANG_WARN_STRICT_PROTOTYPES = YES;
				CLANG_WARN_SUSPICIOUS_MOVE = YES;
				CLANG_WARN_UNGUARDED_AVAILABILITY = YES_AGGRESSIVE;
				CLANG_WARN_UNREACHABLE_CODE = YES;
				CLANG_WARN__DUPLICATE_METHOD_MATCH = YES;
				COPY_PHASE_STRIP = NO;
				DEBUG_INFORMATION_FORMAT = "dwarf-with-dsym";
				ENABLE_NS_ASSERTIONS = NO;
				ENABLE_STRICT_OBJC_MSGSEND = YES;
				GCC_C_LANGUAGE_STANDARD = gnu11;
				GCC_NO_COMMON_BLOCKS = YES;
				GCC_WARN_64_TO_32_BIT_CONVERSION = YES;
				GCC_WARN_ABOUT_RETURN_TYPE = YES_ERROR;
				GCC_WARN_UNDECLARED_SELECTOR = YES;
				GCC_WARN_UNINITIALIZED_AUTOS = YES_AGGRESSIVE;
				GCC_WARN_UNUSED_FUNCTION = YES;
				GCC_WARN_UNUSED_VARIABLE = YES;
				IPHONEOS_DEPLOYMENT_TARGET = 13.2;
				MTL_ENABLE_DEBUG_INFO = NO;
				MTL_FAST_MATH = YES;
				SDKROOT = iphoneos;
				SWIFT_COMPILATION_MODE = wholemodule;
				SWIFT_OPTIMIZATION_LEVEL = "-O";
				VALIDATE_PRODUCT = YES;
			};
			name = Release;
		};
		84DE9FA624016C67007E4239 /* Debug */ = {
			isa = XCBuildConfiguration;
			buildSettings = {
				ASSETCATALOG_COMPILER_APPICON_NAME = AppIcon;
				CODE_SIGN_STYLE = Automatic;
				DEVELOPMENT_TEAM = 85F4CRM9BX;
				INFOPLIST_FILE = Translator/Info.plist;
				LD_RUNPATH_SEARCH_PATHS = (
					"$(inherited)",
					"@executable_path/Frameworks",
				);
				PRODUCT_BUNDLE_IDENTIFIER = com.arinalevchuk96.Translator;
				PRODUCT_NAME = "$(TARGET_NAME)";
				SWIFT_VERSION = 5.0;
				TARGETED_DEVICE_FAMILY = 1;
			};
			name = Debug;
		};
		84DE9FA724016C67007E4239 /* Release */ = {
			isa = XCBuildConfiguration;
			buildSettings = {
				ASSETCATALOG_COMPILER_APPICON_NAME = AppIcon;
				CODE_SIGN_STYLE = Automatic;
				DEVELOPMENT_TEAM = 85F4CRM9BX;
				INFOPLIST_FILE = Translator/Info.plist;
				LD_RUNPATH_SEARCH_PATHS = (
					"$(inherited)",
					"@executable_path/Frameworks",
				);
				PRODUCT_BUNDLE_IDENTIFIER = com.arinalevchuk96.Translator;
				PRODUCT_NAME = "$(TARGET_NAME)";
				SWIFT_VERSION = 5.0;
				TARGETED_DEVICE_FAMILY = 1;
			};
			name = Release;
		};
/* End XCBuildConfiguration section */

/* Begin XCConfigurationList section */
		84DE9F8924016C65007E4239 /* Build configuration list for PBXProject "Translator" */ = {
			isa = XCConfigurationList;
			buildConfigurations = (
				84DE9FA324016C67007E4239 /* Debug */,
				84DE9FA424016C67007E4239 /* Release */,
			);
			defaultConfigurationIsVisible = 0;
			defaultConfigurationName = Release;
		};
		84DE9FA524016C67007E4239 /* Build configuration list for PBXNativeTarget "Translator" */ = {
			isa = XCConfigurationList;
			buildConfigurations = (
				84DE9FA624016C67007E4239 /* Debug */,
				84DE9FA724016C67007E4239 /* Release */,
			);
			defaultConfigurationIsVisible = 0;
			defaultConfigurationName = Release;
		};
/* End XCConfigurationList section */

/* Begin XCVersionGroup section */
		84DE9F9A24016C65007E4239 /* Translator.xcdatamodeld */ = {
			isa = XCVersionGroup;
			children = (
				84DE9F9B24016C65007E4239 /* Translator.xcdatamodel */,
			);
			currentVersion = 84DE9F9B24016C65007E4239 /* Translator.xcdatamodel */;
			path = Translator.xcdatamodeld;
			sourceTree = "<group>";
			versionGroupType = wrapper.xcdatamodel;
		};
/* End XCVersionGroup section */
	};
	rootObject = 84DE9F8624016C65007E4239 /* Project object */;
}
